
Microsoft Visual Studio Solution File, Format Version 12.00
# Visual Studio Version 16
VisualStudioVersion = 16.0.32126.315
MinimumVisualStudioVersion = 10.0.40219.1
Project("{8BC9CEB8-8B4A-11D0-8D11-00A0C91BC942}") = "blackbox", "blackbox\blackbox.vcxproj", "{363A2D86-C909-41F3-B3FF-6E53DA8AD629}"
EndProject
Project("{8BC9CEB8-8B4A-11D0-8D11-00A0C91BC942}") = "test", "test\test.vcxproj", "{663E2E2E-1088-4AEC-96C0-47AB8E2DFD4E}"
EndProject
Global
	GlobalSection(SolutionConfigurationPlatforms) = preSolution
		Debug|x64 = Debug|x64
		Debug|x86 = Debug|x86
		Release|x64 = Release|x64
		Release|x86 = Release|x86
	EndGlobalSection
	GlobalSection(ProjectConfigurationPlatforms) = postSolution
		{363A2D86-C909-41F3-B3FF-6E53DA8AD629}.Debug|x64.ActiveCfg = Debug|x64
		{363A2D86-C909-41F3-B3FF-6E53DA8AD629}.Debug|x64.Build.0 = Debug|x64
		{363A2D86-C909-41F3-B3FF-6E53DA8AD629}.Debug|x86.ActiveCfg = Debug|Win32
		{363A2D86-C909-41F3-B3FF-6E53DA8AD629}.Debug|x86.Build.0 = Debug|Win32
		{363A2D86-C909-41F3-B3FF-6E53DA8AD629}.Release|x64.ActiveCfg = Release|x64
		{363A2D86-C909-41F3-B3FF-6E53DA8AD629}.Release|x64.Build.0 = Release|x64
		{363A2D86-C909-41F3-B3FF-6E53DA8AD629}.Release|x86.ActiveCfg = Release|Win32
		{363A2D86-C909-41F3-B3FF-6E53DA8AD629}.Release|x86.Build.0 = Release|Win32
		{663E2E2E-1088-4AEC-96C0-47AB8E2DFD4E}.Debug|x64.ActiveCfg = Debug|x64
		{663E2E2E-1088-4AEC-96C0-47AB8E2DFD4E}.Debug|x64.Build.0 = Debug|x64
		{663E2E2E-1088-4AEC-96C0-47AB8E2DFD4E}.Debug|x86.ActiveCfg = Debug|Win32
		{663E2E2E-1088-4AEC-96C0-47AB8E2DFD4E}.Debug|x86.Build.0 = Debug|Win32
		{663E2E2E-1088-4AEC-96C0-47AB8E2DFD4E}.Release|x64.ActiveCfg = Release|x64
		{663E2E2E-1088-4AEC-96C0-47AB8E2DFD4E}.Release|x64.Build.0 = Release|x64
		{663E2E2E-1088-4AEC-96C0-47AB8E2DFD4E}.Release|x86.ActiveCfg = Release|Win32
		{663E2E2E-1088-4AEC-96C0-47AB8E2DFD4E}.Release|x86.Build.0 = Release|Win32
	EndGlobalSection
	GlobalSection(SolutionProperties) = preSolution
		HideSolutionNode = FALSE
	EndGlobalSection
	GlobalSection(ExtensibilityGlobals) = postSolution
		SolutionGuid = {519BF76D-5415-446C-AB19-52F96A9B0DC0}
	EndGlobalSection
EndGlobal
